
Microsoft Visual Studio Solution File, Format Version 12.00
# Visual Studio Version 17
VisualStudioVersion = 17.7.34003.232
MinimumVisualStudioVersion = 10.0.40219.1
Project("{FAE04EC0-301F-11D3-BF4B-00C04F79EFBC}") = "argus-backend", "argus-backend\argus-backend.csproj", "{FA3CEF2C-062B-4FBC-9B52-64722C449D2B}"
EndProject
Global
	GlobalSection(SolutionConfigurationPlatforms) = preSolution
		Debug|Any CPU = Debug|Any CPU
		Release|Any CPU = Release|Any CPU
	EndGlobalSection
	GlobalSection(ProjectConfigurationPlatforms) = postSolution
		{FA3CEF2C-062B-4FBC-9B52-64722C449D2B}.Debug|Any CPU.ActiveCfg = Debug|Any CPU
		{FA3CEF2C-062B-4FBC-9B52-64722C449D2B}.Debug|Any CPU.Build.0 = Debug|Any CPU
		{FA3CEF2C-062B-4FBC-9B52-64722C449D2B}.Release|Any CPU.ActiveCfg = Release|Any CPU
		{FA3CEF2C-062B-4FBC-9B52-64722C449D2B}.Release|Any CPU.Build.0 = Release|Any CPU
	EndGlobalSection
	GlobalSection(SolutionProperties) = preSolution
		HideSolutionNode = FALSE
	EndGlobalSection
	GlobalSection(ExtensibilityGlobals) = postSolution
		SolutionGuid = {8167D1BC-CB1C-4CE7-80F2-687C3C932CB7}
	EndGlobalSection
EndGlobal
